
Microsoft Visual Studio Solution File, Format Version 12.00
# Visual Studio Version 17
VisualStudioVersion = 17.14.36915.13
MinimumVisualStudioVersion = 10.0.40219.1
Project("{FAE04EC0-301F-11D3-BF4B-00C04F79EFBC}") = "FoodInspector", "FoodInspector.csproj", "{FD55DA51-24F3-188C-2495-6683A8D90B2F}"
EndProject
Project("{FAE04EC0-301F-11D3-BF4B-00C04F79EFBC}") = "FoodInspector.Tests", "FoodInspector.Tests\FoodInspector.Tests.csproj", "{D2EB1D06-9C69-4E81-A91D-775F05BA6646}"
EndProject
Global
	GlobalSection(SolutionConfigurationPlatforms) = preSolution
		Debug|Any CPU = Debug|Any CPU
		Release|Any CPU = Release|Any CPU
	EndGlobalSection
	GlobalSection(ProjectConfigurationPlatforms) = postSolution
		{FD55DA51-24F3-188C-2495-6683A8D90B2F}.Debug|Any CPU.ActiveCfg = Debug|Any CPU
		{FD55DA51-24F3-188C-2495-6683A8D90B2F}.Debug|Any CPU.Build.0 = Debug|Any CPU
		{FD55DA51-24F3-188C-2495-6683A8D90B2F}.Release|Any CPU.ActiveCfg = Release|Any CPU
		{FD55DA51-24F3-188C-2495-6683A8D90B2F}.Release|Any CPU.Build.0 = Release|Any CPU
		{D2EB1D06-9C69-4E81-A91D-775F05BA6646}.Debug|Any CPU.ActiveCfg = Debug|Any CPU
		{D2EB1D06-9C69-4E81-A91D-775F05BA6646}.Release|Any CPU.ActiveCfg = Release|Any CPU
	EndGlobalSection
	GlobalSection(SolutionProperties) = preSolution
		HideSolutionNode = FALSE
	EndGlobalSection
	GlobalSection(ExtensibilityGlobals) = postSolution
		SolutionGuid = {DF09580E-346C-4BC6-9794-458543F3D979}
	EndGlobalSection
EndGlobal
